
Microsoft Visual Studio Solution File, Format Version 12.00
# Visual Studio Version 17
VisualStudioVersion = 17.9.34616.47
MinimumVisualStudioVersion = 10.0.40219.1
Project("{9A19103F-16F7-4668-BE54-9A1E7A4F7556}") = "project.DAL", "project.DAL\project.DAL.csproj", "{35A60C0B-B168-44F2-9B09-A1FBB40A1DA5}"
EndProject
Project("{2150E333-8FDC-42A3-9474-1A3956D46DE8}") = "Solution Items", "Solution Items", "{C419D7B8-E98D-469C-AB5D-544F6105EE5A}"
	ProjectSection(SolutionItems) = preProject
		.editorconfig = .editorconfig
		.gitignore = .gitignore
		README.md = README.md
	EndProjectSection
EndProject
Project("{2150E333-8FDC-42A3-9474-1A3956D46DE8}") = "App", "App", "{84803B5E-D43C-4257-BF81-1EFC0772F774}"
EndProject
Project("{FAE04EC0-301F-11D3-BF4B-00C04F79EFBC}") = "project.Common", "project.Common\project.Common.csproj", "{14479940-D183-44C0-8066-A0D3D9F9DFF0}"
EndProject
Global
	GlobalSection(SolutionConfigurationPlatforms) = preSolution
		Debug|Any CPU = Debug|Any CPU
		Release|Any CPU = Release|Any CPU
	EndGlobalSection
	GlobalSection(ProjectConfigurationPlatforms) = postSolution
		{35A60C0B-B168-44F2-9B09-A1FBB40A1DA5}.Debug|Any CPU.ActiveCfg = Debug|Any CPU
		{35A60C0B-B168-44F2-9B09-A1FBB40A1DA5}.Debug|Any CPU.Build.0 = Debug|Any CPU
		{35A60C0B-B168-44F2-9B09-A1FBB40A1DA5}.Release|Any CPU.ActiveCfg = Release|Any CPU
		{35A60C0B-B168-44F2-9B09-A1FBB40A1DA5}.Release|Any CPU.Build.0 = Release|Any CPU
		{14479940-D183-44C0-8066-A0D3D9F9DFF0}.Debug|Any CPU.ActiveCfg = Debug|Any CPU
		{14479940-D183-44C0-8066-A0D3D9F9DFF0}.Debug|Any CPU.Build.0 = Debug|Any CPU
		{14479940-D183-44C0-8066-A0D3D9F9DFF0}.Release|Any CPU.ActiveCfg = Release|Any CPU
		{14479940-D183-44C0-8066-A0D3D9F9DFF0}.Release|Any CPU.Build.0 = Release|Any CPU
	EndGlobalSection
	GlobalSection(SolutionProperties) = preSolution
		HideSolutionNode = FALSE
	EndGlobalSection
	GlobalSection(NestedProjects) = preSolution
		{35A60C0B-B168-44F2-9B09-A1FBB40A1DA5} = {84803B5E-D43C-4257-BF81-1EFC0772F774}
		{14479940-D183-44C0-8066-A0D3D9F9DFF0} = {84803B5E-D43C-4257-BF81-1EFC0772F774}
	EndGlobalSection
	GlobalSection(ExtensibilityGlobals) = postSolution
		SolutionGuid = {C01F3AAE-3AE1-40DA-B4B1-AB8EB9B5BB8F}
	EndGlobalSection
EndGlobal
