
Microsoft Visual Studio Solution File, Format Version 12.00
# Visual Studio Version 17
VisualStudioVersion = 17.9.34616.47
MinimumVisualStudioVersion = 10.0.40219.1
Project("{9A19103F-16F7-4668-BE54-9A1E7A4F7556}") = "project.DAL", "project.DAL\project.DAL.csproj", "{35A60C0B-B168-44F2-9B09-A1FBB40A1DA5}"
EndProject
Project("{2150E333-8FDC-42A3-9474-1A3956D46DE8}") = "Solution Items", "Solution Items", "{C419D7B8-E98D-469C-AB5D-544F6105EE5A}"
	ProjectSection(SolutionItems) = preProject
		.editorconfig = .editorconfig
		.gitignore = .gitignore
		README.md = README.md
	EndProjectSection
EndProject
Project("{2150E333-8FDC-42A3-9474-1A3956D46DE8}") = "App", "App", "{84803B5E-D43C-4257-BF81-1EFC0772F774}"
EndProject
Project("{9A19103F-16F7-4668-BE54-9A1E7A4F7556}") = "project.Common", "project.Common\project.Common.csproj", "{14479940-D183-44C0-8066-A0D3D9F9DFF0}"
EndProject
Project("{2150E333-8FDC-42A3-9474-1A3956D46DE8}") = "Tests", "Tests", "{6B9906BE-1B69-450A-975E-591D104FD9B7}"
EndProject
Project("{9A19103F-16F7-4668-BE54-9A1E7A4F7556}") = "project.Common.Tests", "project.Common.Tests\project.Common.Tests.csproj", "{857D9EF3-74E7-462D-91A4-3AFAE243242D}"
	ProjectSection(ProjectDependencies) = postProject
		{35A60C0B-B168-44F2-9B09-A1FBB40A1DA5} = {35A60C0B-B168-44F2-9B09-A1FBB40A1DA5}
	EndProjectSection
EndProject
Project("{9A19103F-16F7-4668-BE54-9A1E7A4F7556}") = "project.DAL.Tests", "project.DAL.Tests\project.DAL.Tests.csproj", "{26DF1FA9-B96C-4A5F-A783-9A6067EE7F3A}"
	ProjectSection(ProjectDependencies) = postProject
		{857D9EF3-74E7-462D-91A4-3AFAE243242D} = {857D9EF3-74E7-462D-91A4-3AFAE243242D}
	EndProjectSection
EndProject
Project("{9A19103F-16F7-4668-BE54-9A1E7A4F7556}") = "project.BL", "project.BL\project.BL.csproj", "{2081B200-8CE2-4445-8731-D76F6E2F0DF4}"
EndProject
Project("{9A19103F-16F7-4668-BE54-9A1E7A4F7556}") = "project.BL.Tests", "project.BL.Tests\project.BL.Tests.csproj", "{4CACF0D8-27E1-4005-9CC3-B62465D446BA}"
EndProject
Project("{FAE04EC0-301F-11D3-BF4B-00C04F79EFBC}") = "project.App", "project.App\project.App.csproj", "{9645655A-3A03-4D43-8536-A59BC5DDE71A}"
EndProject
Global
	GlobalSection(SolutionConfigurationPlatforms) = preSolution
		Debug|Any CPU = Debug|Any CPU
		Release|Any CPU = Release|Any CPU
	EndGlobalSection
	GlobalSection(ProjectConfigurationPlatforms) = postSolution
		{35A60C0B-B168-44F2-9B09-A1FBB40A1DA5}.Debug|Any CPU.ActiveCfg = Debug|Any CPU
		{35A60C0B-B168-44F2-9B09-A1FBB40A1DA5}.Debug|Any CPU.Build.0 = Debug|Any CPU
		{35A60C0B-B168-44F2-9B09-A1FBB40A1DA5}.Release|Any CPU.ActiveCfg = Release|Any CPU
		{35A60C0B-B168-44F2-9B09-A1FBB40A1DA5}.Release|Any CPU.Build.0 = Release|Any CPU
		{14479940-D183-44C0-8066-A0D3D9F9DFF0}.Debug|Any CPU.ActiveCfg = Debug|Any CPU
		{14479940-D183-44C0-8066-A0D3D9F9DFF0}.Debug|Any CPU.Build.0 = Debug|Any CPU
		{14479940-D183-44C0-8066-A0D3D9F9DFF0}.Release|Any CPU.ActiveCfg = Release|Any CPU
		{14479940-D183-44C0-8066-A0D3D9F9DFF0}.Release|Any CPU.Build.0 = Release|Any CPU
		{857D9EF3-74E7-462D-91A4-3AFAE243242D}.Debug|Any CPU.ActiveCfg = Debug|Any CPU
		{857D9EF3-74E7-462D-91A4-3AFAE243242D}.Debug|Any CPU.Build.0 = Debug|Any CPU
		{857D9EF3-74E7-462D-91A4-3AFAE243242D}.Release|Any CPU.ActiveCfg = Release|Any CPU
		{857D9EF3-74E7-462D-91A4-3AFAE243242D}.Release|Any CPU.Build.0 = Release|Any CPU
		{26DF1FA9-B96C-4A5F-A783-9A6067EE7F3A}.Debug|Any CPU.ActiveCfg = Debug|Any CPU
		{26DF1FA9-B96C-4A5F-A783-9A6067EE7F3A}.Debug|Any CPU.Build.0 = Debug|Any CPU
		{26DF1FA9-B96C-4A5F-A783-9A6067EE7F3A}.Release|Any CPU.ActiveCfg = Release|Any CPU
		{26DF1FA9-B96C-4A5F-A783-9A6067EE7F3A}.Release|Any CPU.Build.0 = Release|Any CPU
		{2081B200-8CE2-4445-8731-D76F6E2F0DF4}.Debug|Any CPU.ActiveCfg = Debug|Any CPU
		{2081B200-8CE2-4445-8731-D76F6E2F0DF4}.Debug|Any CPU.Build.0 = Debug|Any CPU
		{2081B200-8CE2-4445-8731-D76F6E2F0DF4}.Release|Any CPU.ActiveCfg = Release|Any CPU
		{2081B200-8CE2-4445-8731-D76F6E2F0DF4}.Release|Any CPU.Build.0 = Release|Any CPU
		{4CACF0D8-27E1-4005-9CC3-B62465D446BA}.Debug|Any CPU.ActiveCfg = Debug|Any CPU
		{4CACF0D8-27E1-4005-9CC3-B62465D446BA}.Debug|Any CPU.Build.0 = Debug|Any CPU
		{4CACF0D8-27E1-4005-9CC3-B62465D446BA}.Release|Any CPU.ActiveCfg = Release|Any CPU
		{4CACF0D8-27E1-4005-9CC3-B62465D446BA}.Release|Any CPU.Build.0 = Release|Any CPU
		{9645655A-3A03-4D43-8536-A59BC5DDE71A}.Debug|Any CPU.ActiveCfg = Debug|Any CPU
		{9645655A-3A03-4D43-8536-A59BC5DDE71A}.Debug|Any CPU.Build.0 = Debug|Any CPU
		{9645655A-3A03-4D43-8536-A59BC5DDE71A}.Debug|Any CPU.Deploy.0 = Debug|Any CPU
		{9645655A-3A03-4D43-8536-A59BC5DDE71A}.Release|Any CPU.ActiveCfg = Release|Any CPU
		{9645655A-3A03-4D43-8536-A59BC5DDE71A}.Release|Any CPU.Build.0 = Release|Any CPU
		{9645655A-3A03-4D43-8536-A59BC5DDE71A}.Release|Any CPU.Deploy.0 = Release|Any CPU
	EndGlobalSection
	GlobalSection(SolutionProperties) = preSolution
		HideSolutionNode = FALSE
	EndGlobalSection
	GlobalSection(NestedProjects) = preSolution
		{35A60C0B-B168-44F2-9B09-A1FBB40A1DA5} = {84803B5E-D43C-4257-BF81-1EFC0772F774}
		{14479940-D183-44C0-8066-A0D3D9F9DFF0} = {84803B5E-D43C-4257-BF81-1EFC0772F774}
		{857D9EF3-74E7-462D-91A4-3AFAE243242D} = {6B9906BE-1B69-450A-975E-591D104FD9B7}
		{26DF1FA9-B96C-4A5F-A783-9A6067EE7F3A} = {6B9906BE-1B69-450A-975E-591D104FD9B7}
		{2081B200-8CE2-4445-8731-D76F6E2F0DF4} = {84803B5E-D43C-4257-BF81-1EFC0772F774}
		{4CACF0D8-27E1-4005-9CC3-B62465D446BA} = {6B9906BE-1B69-450A-975E-591D104FD9B7}
		{9645655A-3A03-4D43-8536-A59BC5DDE71A} = {84803B5E-D43C-4257-BF81-1EFC0772F774}
	EndGlobalSection
	GlobalSection(ExtensibilityGlobals) = postSolution
		SolutionGuid = {C01F3AAE-3AE1-40DA-B4B1-AB8EB9B5BB8F}
	EndGlobalSection
EndGlobal
